
Microsoft Visual Studio Solution File, Format Version 12.00
# Visual Studio 14
VisualStudioVersion = 14.0.25420.1
MinimumVisualStudioVersion = 10.0.40219.1
Project("{FAE04EC0-301F-11D3-BF4B-00C04F79EFBC}") = "AlexaSkill", "AlexaSkill\AlexaSkill.csproj", "{D75972D3-1D28-4308-A8EC-5895830A876B}"
EndProject
Project("{FAE04EC0-301F-11D3-BF4B-00C04F79EFBC}") = "AlexaSkill.Data", "AlexaSkill.Data\AlexaSkill.Data.csproj", "{73A2D5D4-966E-437B-8D03-7759A9520D0E}"
EndProject
Global
	GlobalSection(SolutionConfigurationPlatforms) = preSolution
		Debug|Any CPU = Debug|Any CPU
		Release|Any CPU = Release|Any CPU
	EndGlobalSection
	GlobalSection(ProjectConfigurationPlatforms) = postSolution
		{D75972D3-1D28-4308-A8EC-5895830A876B}.Debug|Any CPU.ActiveCfg = Debug|Any CPU
		{D75972D3-1D28-4308-A8EC-5895830A876B}.Debug|Any CPU.Build.0 = Debug|Any CPU
		{D75972D3-1D28-4308-A8EC-5895830A876B}.Release|Any CPU.ActiveCfg = Release|Any CPU
		{D75972D3-1D28-4308-A8EC-5895830A876B}.Release|Any CPU.Build.0 = Release|Any CPU
		{73A2D5D4-966E-437B-8D03-7759A9520D0E}.Debug|Any CPU.ActiveCfg = Debug|Any CPU
		{73A2D5D4-966E-437B-8D03-7759A9520D0E}.Debug|Any CPU.Build.0 = Debug|Any CPU
		{73A2D5D4-966E-437B-8D03-7759A9520D0E}.Release|Any CPU.ActiveCfg = Release|Any CPU
		{73A2D5D4-966E-437B-8D03-7759A9520D0E}.Release|Any CPU.Build.0 = Release|Any CPU
	EndGlobalSection
	GlobalSection(SolutionProperties) = preSolution
		HideSolutionNode = FALSE
	EndGlobalSection
EndGlobal
